dependencies:
  espressif/cmake_utilities:
    component_hash: 351350613ceafba240b761b4ea991e0f231ac7a9f59a9ee901f751bddc0bb18f
    dependencies:
    - name: idf
      require: private
      version: '>=4.1'
    source:
      registry_url: https://components.espressif.com/
      type: service
    version: 0.5.3
  idf:
    source:
      type: idf
    version: 5.4.3
  usb_stream:
    dependencies: []
    source:
      path: D:\Github\PA-Telur\Telur-ESP32\components\usb_stream
      type: local
    version: 1.5.1
direct_dependencies:
- espressif/cmake_utilities
- idf
- usb_stream
manifest_hash: c1d065ed47fc887509d2ceea12e66d34515a2430773c4b9b0399d0018c6ad0f4
target: esp32s3
version: 2.0.0
